
Microsoft Visual Studio Solution File, Format Version 12.00
# Visual Studio Version 16
VisualStudioVersion = 16.0.34031.81
MinimumVisualStudioVersion = 10.0.40219.1
Project("{888888A0-9F3D-457C-B088-3A5042F75D52}") = "Actividad 11 - Ejercicios de iteracion en pitin", "Actividad 11 - Ejercicios de iteracion en pitin\Actividad 11 - Ejercicios de iteracion en pitin.pyproj", "{7DE43B7C-4410-4FC9-95FC-6834016F0286}"
EndProject
Global
	GlobalSection(SolutionConfigurationPlatforms) = preSolution
		Debug|Any CPU = Debug|Any CPU
		Release|Any CPU = Release|Any CPU
	EndGlobalSection
	GlobalSection(ProjectConfigurationPlatforms) = postSolution
		{7DE43B7C-4410-4FC9-95FC-6834016F0286}.Debug|Any CPU.ActiveCfg = Debug|Any CPU
		{7DE43B7C-4410-4FC9-95FC-6834016F0286}.Release|Any CPU.ActiveCfg = Release|Any CPU
	EndGlobalSection
	GlobalSection(SolutionProperties) = preSolution
		HideSolutionNode = FALSE
	EndGlobalSection
	GlobalSection(ExtensibilityGlobals) = postSolution
		SolutionGuid = {2739875A-C75A-4E13-897F-29A26E8AA6CD}
	EndGlobalSection
EndGlobal
